{
  "name": "pacman-canvas",
  "version": "1.0.0",
  "lockfileVersion": 3,
  "requires": true,
  "packages": {
    "": {
      "name": "pacman-canvas",
      "version": "1.0.0",
      "license": "ISC",
      "dependencies": {
        "@types/soundjs": "^0.6.31",
        "jquery": "^3.7.1"
      },
      "devDependencies": {
        "@types/jquery": "^3.5.32"
      }
    },
    "node_modules/@types/createjs-lib": {
      "version": "0.0.33",
      "resolved": "https://registry.npmjs.org/@types/createjs-lib/-/createjs-lib-0.0.33.tgz",
      "integrity": "sha512-mvK1sn2qSyGPwctg/MsjAP5m3/TBx83eB0hcEdZ6UqpuzQqCUWpVyyQddqkbAsKRpMECK0s7JosYXoTtIuNbhw==",
      "license": "MIT"
    },
    "node_modules/@types/jquery": {
      "version": "3.5.32",
      "resolved": "https://registry.npmjs.org/@types/jquery/-/jquery-3.5.32.tgz",
      "integrity": "sha512-b9Xbf4CkMqS02YH8zACqN1xzdxc3cO735Qe5AbSUFmyOiaWAbcpqh9Wna+Uk0vgACvoQHpWDg2rGdHkYPLmCiQ==",
      "dev": true,
      "license": "MIT",
      "dependencies": {
        "@types/sizzle": "*"
      }
    },
    "node_modules/@types/preloadjs": {
      "version": "0.6.36",
      "resolved": "https://registry.npmjs.org/@types/preloadjs/-/preloadjs-0.6.36.tgz",
      "integrity": "sha512-/Xo6BRCkvZiw0VXHszRQJnnTHyfkISPD5DiMj0JDrmQWiw104BxoijjeIlZ0umQxXEUb+gWLZsdZbuEhmP5vsw==",
      "license": "MIT",
      "dependencies": {
        "@types/createjs-lib": "*"
      }
    },
    "node_modules/@types/sizzle": {
      "version": "2.3.9",
      "resolved": "https://registry.npmjs.org/@types/sizzle/-/sizzle-2.3.9.tgz",
      "integrity": "sha512-xzLEyKB50yqCUPUJkIsrVvoWNfFUbIZI+RspLWt8u+tIW/BetMBZtgV2LY/2o+tYH8dRvQ+eoPf3NdhQCcLE2w==",
      "dev": true,
      "license": "MIT"
    },
    "node_modules/@types/soundjs": {
      "version": "0.6.31",
      "resolved": "https://registry.npmjs.org/@types/soundjs/-/soundjs-0.6.31.tgz",
      "integrity": "sha512-5bditJi7P1YbRIRa1UFxIr+8vKJYEc6nTZb5NL0647rWGqGf8Ih4GD+0aDWteWIG17EXPw+VTOQE/8LHitnn4A==",
      "license": "MIT",
      "dependencies": {
        "@types/createjs-lib": "*",
        "@types/preloadjs": "*"
      }
    },
    "node_modules/jquery": {
      "version": "3.7.1",
      "resolved": "https://registry.npmjs.org/jquery/-/jquery-3.7.1.tgz",
      "integrity": "sha512-m4avr8yL8kmFN8psrbFFFmB/If14iN5o9nw/NgnnM+kybDJpRsAynV2BsfpTYrTRysYUdADVD7CkUUizgkpLfg==",
      "license": "MIT"
    }
  }
}
