{
  "name": "pacman-canvas",
  "version": "1.0.0",
  "lockfileVersion": 3,
  "requires": true,
  "packages": {
    "": {
      "name": "pacman-canvas",
      "version": "1.0.0",
      "license": "ISC",
      "dependencies": {
        "jquery": "^4.0.0"
      },
      "devDependencies": {
        "@types/soundjs": "^0.6.31"
      }
    },
    "node_modules/@types/createjs-lib": {
      "version": "0.0.33",
      "resolved": "https://registry.npmjs.org/@types/createjs-lib/-/createjs-lib-0.0.33.tgz",
      "integrity": "sha512-mvK1sn2qSyGPwctg/MsjAP5m3/TBx83eB0hcEdZ6UqpuzQqCUWpVyyQddqkbAsKRpMECK0s7JosYXoTtIuNbhw==",
      "dev": true,
      "license": "MIT"
    },
    "node_modules/@types/preloadjs": {
      "version": "0.6.36",
      "resolved": "https://registry.npmjs.org/@types/preloadjs/-/preloadjs-0.6.36.tgz",
      "integrity": "sha512-/Xo6BRCkvZiw0VXHszRQJnnTHyfkISPD5DiMj0JDrmQWiw104BxoijjeIlZ0umQxXEUb+gWLZsdZbuEhmP5vsw==",
      "dev": true,
      "license": "MIT",
      "dependencies": {
        "@types/createjs-lib": "*"
      }
    },
    "node_modules/@types/soundjs": {
      "version": "0.6.31",
      "resolved": "https://registry.npmjs.org/@types/soundjs/-/soundjs-0.6.31.tgz",
      "integrity": "sha512-5bditJi7P1YbRIRa1UFxIr+8vKJYEc6nTZb5NL0647rWGqGf8Ih4GD+0aDWteWIG17EXPw+VTOQE/8LHitnn4A==",
      "dev": true,
      "license": "MIT",
      "dependencies": {
        "@types/createjs-lib": "*",
        "@types/preloadjs": "*"
      }
    },
    "node_modules/jquery": {
      "version": "4.0.0",
      "resolved": "https://registry.npmjs.org/jquery/-/jquery-4.0.0.tgz",
      "integrity": "sha512-TXCHVR3Lb6TZdtw1l3RTLf8RBWVGexdxL6AC8/e0xZKEpBflBsjh9/8LXw+dkNFuOyW9B7iB3O1sP7hS0Kiacg==",
      "license": "MIT"
    }
  }
}
